{
  "projects": [
    {
      "projectId": "seaQhLVS4bbjiGvJJrRwyL",
      "version": "15.0.3",
      "dependencies": {},
      "lang": "ts",
      "fileLocks": [
        {
          "assetId": "seaQhLVS4bbjiGvJJrRwyL",
          "type": "projectCss",
          "checksum": "92fb3f0ca07a8916b2b57cc87f1b539e"
        }
      ],
      "codegenVersion": "0.0.1"
    },
    {
      "projectId": "aLKvKGtnuwFktJbBPQFdUg",
      "version": "latest",
      "dependencies": {
        "seaQhLVS4bbjiGvJJrRwyL": "15.0.3"
      },
      "lang": "ts",
      "fileLocks": [
        {
          "type": "globalVariant",
          "assetId": "Fr0uo0mhNBAVNm",
          "checksum": "74e79792b85defe80dd4d3575689479a"
        },
        {
          "assetId": "aLKvKGtnuwFktJbBPQFdUg",
          "type": "projectCss",
          "checksum": "c199838d23395900844121eefaed2e70"
        },
        {
          "type": "renderModule",
          "assetId": "OVaPejI3EYYou",
          "checksum": "6e0d10d1fddeee0e4906b610f417e57b"
        },
        {
          "type": "cssRules",
          "assetId": "OVaPejI3EYYou",
          "checksum": "6e0d10d1fddeee0e4906b610f417e57b"
        },
        {
          "type": "renderModule",
          "assetId": "_as5-aYGjjau0",
          "checksum": "0f9ed5fc351a485250d07874827362a1"
        },
        {
          "type": "cssRules",
          "assetId": "_as5-aYGjjau0",
          "checksum": "0f9ed5fc351a485250d07874827362a1"
        },
        {
          "type": "renderModule",
          "assetId": "3G0ls7B2SbUFV",
          "checksum": "641150af869b58b177ce3502950246ff"
        },
        {
          "type": "cssRules",
          "assetId": "3G0ls7B2SbUFV",
          "checksum": "641150af869b58b177ce3502950246ff"
        },
        {
          "type": "renderModule",
          "assetId": "zBJ0gPFvZ9UXy",
          "checksum": "5b379c5a134df854113c02628455fc9c"
        },
        {
          "type": "cssRules",
          "assetId": "zBJ0gPFvZ9UXy",
          "checksum": "5b379c5a134df854113c02628455fc9c"
        },
        {
          "type": "renderModule",
          "assetId": "rwan4Zifc1I2b",
          "checksum": "214be597674566e0450f716f3736a268"
        },
        {
          "type": "cssRules",
          "assetId": "rwan4Zifc1I2b",
          "checksum": "214be597674566e0450f716f3736a268"
        },
        {
          "type": "renderModule",
          "assetId": "RSPpoqZjuuXy_",
          "checksum": "52114eb02d312653f80eef6cc37f4e40"
        },
        {
          "type": "cssRules",
          "assetId": "RSPpoqZjuuXy_",
          "checksum": "52114eb02d312653f80eef6cc37f4e40"
        },
        {
          "type": "renderModule",
          "assetId": "4_gLtA0zF9MEMW",
          "checksum": "abc488eef1cf59cb3741c90c1db149b5"
        },
        {
          "type": "cssRules",
          "assetId": "4_gLtA0zF9MEMW",
          "checksum": "abc488eef1cf59cb3741c90c1db149b5"
        },
        {
          "type": "renderModule",
          "assetId": "p6Lz842wBqy-H0",
          "checksum": "44880bae2bad5bd1a5f043d218141a2d"
        },
        {
          "type": "cssRules",
          "assetId": "p6Lz842wBqy-H0",
          "checksum": "44880bae2bad5bd1a5f043d218141a2d"
        },
        {
          "type": "renderModule",
          "assetId": "sNwDhgEZaZY79u",
          "checksum": "c959da058104c63c0ecc9b185938b3ff"
        },
        {
          "type": "cssRules",
          "assetId": "sNwDhgEZaZY79u",
          "checksum": "c959da058104c63c0ecc9b185938b3ff"
        },
        {
          "type": "renderModule",
          "assetId": "EMJiff0DUM0aMo",
          "checksum": "01f2bb7c158e9ddec09835f5185ed949"
        },
        {
          "type": "cssRules",
          "assetId": "EMJiff0DUM0aMo",
          "checksum": "01f2bb7c158e9ddec09835f5185ed949"
        },
        {
          "type": "renderModule",
          "assetId": "9sElbUuxv6-x86",
          "checksum": "c849eb7b4a61f3a737e7b35eb929f483"
        },
        {
          "type": "cssRules",
          "assetId": "9sElbUuxv6-x86",
          "checksum": "c849eb7b4a61f3a737e7b35eb929f483"
        },
        {
          "type": "renderModule",
          "assetId": "zxwgo7XptGRyTr",
          "checksum": "eef6cc31cc52acd45c78bc5e125c8567"
        },
        {
          "type": "cssRules",
          "assetId": "zxwgo7XptGRyTr",
          "checksum": "eef6cc31cc52acd45c78bc5e125c8567"
        },
        {
          "type": "renderModule",
          "assetId": "32_TbbMTwSc6t3",
          "checksum": "dfc0e082045017d8c31ad29eceb0d966"
        },
        {
          "type": "cssRules",
          "assetId": "32_TbbMTwSc6t3",
          "checksum": "dfc0e082045017d8c31ad29eceb0d966"
        },
        {
          "type": "renderModule",
          "assetId": "CBraow9lpIQY7p",
          "checksum": "2ca6e9744ddc74a55448cb877004be51"
        },
        {
          "type": "cssRules",
          "assetId": "CBraow9lpIQY7p",
          "checksum": "2ca6e9744ddc74a55448cb877004be51"
        },
        {
          "type": "renderModule",
          "assetId": "kdplkNbJAP6Zc1",
          "checksum": "bdca28bf54111595ea889403edc860b4"
        },
        {
          "type": "cssRules",
          "assetId": "kdplkNbJAP6Zc1",
          "checksum": "bdca28bf54111595ea889403edc860b4"
        },
        {
          "type": "renderModule",
          "assetId": "SODxBFQllTMXMm",
          "checksum": "e33b0841d593b5e36a63e2110833df43"
        },
        {
          "type": "cssRules",
          "assetId": "SODxBFQllTMXMm",
          "checksum": "e33b0841d593b5e36a63e2110833df43"
        },
        {
          "type": "renderModule",
          "assetId": "-o1ON5LZTGdRej",
          "checksum": "5ab69b6a08e4aae0a12f81fecad7f569"
        },
        {
          "type": "cssRules",
          "assetId": "-o1ON5LZTGdRej",
          "checksum": "5ab69b6a08e4aae0a12f81fecad7f569"
        },
        {
          "type": "icon",
          "assetId": "iPk3-SbfKnip_g",
          "checksum": "81cdb9421b4fba9f27f2c843d141aed6"
        },
        {
          "type": "icon",
          "assetId": "RfTBnt8DcT37co",
          "checksum": "6e9a4516d8e3625eb3a62adb82a76560"
        },
        {
          "type": "icon",
          "assetId": "CtsypDXHfZg7Ih",
          "checksum": "d074c047a7db9a411205c7f5177cdd5f"
        },
        {
          "type": "icon",
          "assetId": "fxysOYP5vhsBEh",
          "checksum": "7ac1aea24787058f72106f643f0e3ea1"
        },
        {
          "type": "icon",
          "assetId": "AwI98oFto-A5qw",
          "checksum": "0918ddaf49a23bf8789eb5e814cc4b71"
        },
        {
          "type": "icon",
          "assetId": "Pgabtu6Zhl38QB",
          "checksum": "fad03f37c84be32523a50d2a6f9a90ee"
        },
        {
          "type": "icon",
          "assetId": "Shs1kfSc_oYD8X",
          "checksum": "620c9e27019f67817e2b5622ab5988f4"
        },
        {
          "type": "icon",
          "assetId": "M9IOPISJrJGMoS",
          "checksum": "446f26c29388e17d2d387e1c95a70fdb"
        },
        {
          "type": "icon",
          "assetId": "GpmzbkQydNNGCH",
          "checksum": "182f16637a21c8f64b80a3eef398973e"
        },
        {
          "type": "icon",
          "assetId": "j2FIdhMf36GH2W",
          "checksum": "bddd94b541eea0d6573526fa86f75a12"
        },
        {
          "type": "icon",
          "assetId": "JtSvn3lIB6tfGP",
          "checksum": "7f6a6a1c0f5556bbdd70a853aea3e3e7"
        },
        {
          "type": "icon",
          "assetId": "fWHBGFdj4Wc8R3",
          "checksum": "67ee01f01da571d6284805c27a4a1031"
        },
        {
          "type": "icon",
          "assetId": "ZTsj4WaanxipFu",
          "checksum": "7b4076668782d2712b58483c4fc8c55f"
        },
        {
          "type": "icon",
          "assetId": "BzHPEMpZRqUPKH",
          "checksum": "afc53ad2293fd2e36544840fca377847"
        },
        {
          "type": "icon",
          "assetId": "U4cF0-Qhl4hmGl",
          "checksum": "f5eb4b4811c7cb034dbb47be42a25de6"
        },
        {
          "type": "icon",
          "assetId": "LYdyI0H0LF4-7j",
          "checksum": "c5b6938e44359c256b00f34070a2dbb7"
        },
        {
          "type": "icon",
          "assetId": "RQT2o0jNiEfN4V",
          "checksum": "fb6ac27095d830bf469a48a7f3c228f3"
        },
        {
          "type": "icon",
          "assetId": "pjkslEIohgnXWJ",
          "checksum": "d276b0ffdd67b7260b85db37315c0db1"
        },
        {
          "type": "icon",
          "assetId": "yaARuMKoQMgTYY",
          "checksum": "868e9bec452455f5fece65a0f60a162e"
        },
        {
          "type": "icon",
          "assetId": "8GXAljiq5dTW52",
          "checksum": "d9337e633a3e2f42e05d2da02e222ba7"
        },
        {
          "type": "icon",
          "assetId": "VzqRoH-0ot120a",
          "checksum": "a8ab9136a4a9604baa8c417fc00c6550"
        },
        {
          "type": "icon",
          "assetId": "Dwupvgp5_Rtf4-",
          "checksum": "2a384d4dd4a48c08fcbf549cbe73e061"
        },
        {
          "type": "image",
          "assetId": "H5tyc4OpM6wPNv",
          "checksum": "86d090dc2a99e0cf3d9061fb767a52eb"
        },
        {
          "type": "image",
          "assetId": "H7cyUieAgeNejj",
          "checksum": "e9226a25b63ed5dee02b0fc39acfad58"
        },
        {
          "type": "image",
          "assetId": "cX_XphWePhW4ju",
          "checksum": "9dec36d695e902e251546b2637bcabf6"
        },
        {
          "type": "image",
          "assetId": "6-78VDfDZsMrz-",
          "checksum": "7497309a24240a118bc7e12955f6a8b1"
        }
      ],
      "codegenVersion": "0.0.1"
    }
  ],
  "cliVersion": "0.1.184"
}
